
Microsoft Visual Studio Solution File, Format Version 12.00
# Visual Studio Version 16
VisualStudioVersion = 16.0.31019.35
MinimumVisualStudioVersion = 10.0.40219.1
Project("{8BC9CEB8-8B4A-11D0-8D11-00A0C91BC942}") = "SimilarityChecker-54", "SimilarityChecker-54\SimilarityChecker-54.vcxproj", "{9902D06E-E56E-4C02-B6BD-AF35EF9D92D1}"
EndProject
Project("{8BC9CEB8-8B4A-11D0-8D11-00A0C91BC942}") = "GoogleTest", "GoogleTest\GoogleTest.vcxproj", "{6A2C5A24-3681-4FA7-AFE9-6F8E9F0881C3}"
EndProject
Global
	GlobalSection(SolutionConfigurationPlatforms) = preSolution
		Debug|x64 = Debug|x64
		Debug|x86 = Debug|x86
		Release|x64 = Release|x64
		Release|x86 = Release|x86
	EndGlobalSection
	GlobalSection(ProjectConfigurationPlatforms) = postSolution
		{9902D06E-E56E-4C02-B6BD-AF35EF9D92D1}.Debug|x64.ActiveCfg = Debug|x64
		{9902D06E-E56E-4C02-B6BD-AF35EF9D92D1}.Debug|x64.Build.0 = Debug|x64
		{9902D06E-E56E-4C02-B6BD-AF35EF9D92D1}.Debug|x86.ActiveCfg = Debug|Win32
		{9902D06E-E56E-4C02-B6BD-AF35EF9D92D1}.Debug|x86.Build.0 = Debug|Win32
		{9902D06E-E56E-4C02-B6BD-AF35EF9D92D1}.Release|x64.ActiveCfg = Release|x64
		{9902D06E-E56E-4C02-B6BD-AF35EF9D92D1}.Release|x64.Build.0 = Release|x64
		{9902D06E-E56E-4C02-B6BD-AF35EF9D92D1}.Release|x86.ActiveCfg = Release|Win32
		{9902D06E-E56E-4C02-B6BD-AF35EF9D92D1}.Release|x86.Build.0 = Release|Win32
		{6A2C5A24-3681-4FA7-AFE9-6F8E9F0881C3}.Debug|x64.ActiveCfg = Debug|x64
		{6A2C5A24-3681-4FA7-AFE9-6F8E9F0881C3}.Debug|x64.Build.0 = Debug|x64
		{6A2C5A24-3681-4FA7-AFE9-6F8E9F0881C3}.Debug|x86.ActiveCfg = Debug|Win32
		{6A2C5A24-3681-4FA7-AFE9-6F8E9F0881C3}.Debug|x86.Build.0 = Debug|Win32
		{6A2C5A24-3681-4FA7-AFE9-6F8E9F0881C3}.Release|x64.ActiveCfg = Release|x64
		{6A2C5A24-3681-4FA7-AFE9-6F8E9F0881C3}.Release|x64.Build.0 = Release|x64
		{6A2C5A24-3681-4FA7-AFE9-6F8E9F0881C3}.Release|x86.ActiveCfg = Release|Win32
		{6A2C5A24-3681-4FA7-AFE9-6F8E9F0881C3}.Release|x86.Build.0 = Release|Win32
	EndGlobalSection
	GlobalSection(SolutionProperties) = preSolution
		HideSolutionNode = FALSE
	EndGlobalSection
	GlobalSection(ExtensibilityGlobals) = postSolution
		SolutionGuid = {FB32BB29-5D2A-4BF4-81A3-C5C89FFF150A}
	EndGlobalSection
EndGlobal
